
Microsoft Visual Studio Solution File, Format Version 12.00
# Visual Studio Version 16
VisualStudioVersion = 16.0.29025.244
MinimumVisualStudioVersion = 10.0.40219.1
Project("{FAE04EC0-301F-11D3-BF4B-00C04F79EFBC}") = "AnaliseVendasAPI", "AnaliseVendasAPI\AnaliseVendasAPI.csproj", "{5C7FA766-ED81-4B09-8EDA-F32E4A6174B8}"
EndProject
Project("{FAE04EC0-301F-11D3-BF4B-00C04F79EFBC}") = "AnaliseVendasRepository", "AnaliseVendasRepository\AnaliseVendasRepository.csproj", "{2C511D31-BA6F-4371-82B4-B22F73F3C169}"
EndProject
Project("{FAE04EC0-301F-11D3-BF4B-00C04F79EFBC}") = "AnaliseVendasApplication", "AnaliseVendasApplication\AnaliseVendasApplication.csproj", "{025EB5BA-38B2-41AD-90C9-4B48C385DF2E}"
EndProject
Global
	GlobalSection(SolutionConfigurationPlatforms) = preSolution
		Debug|Any CPU = Debug|Any CPU
		Release|Any CPU = Release|Any CPU
	EndGlobalSection
	GlobalSection(ProjectConfigurationPlatforms) = postSolution
		{5C7FA766-ED81-4B09-8EDA-F32E4A6174B8}.Debug|Any CPU.ActiveCfg = Debug|Any CPU
		{5C7FA766-ED81-4B09-8EDA-F32E4A6174B8}.Debug|Any CPU.Build.0 = Debug|Any CPU
		{5C7FA766-ED81-4B09-8EDA-F32E4A6174B8}.Release|Any CPU.ActiveCfg = Release|Any CPU
		{5C7FA766-ED81-4B09-8EDA-F32E4A6174B8}.Release|Any CPU.Build.0 = Release|Any CPU
		{2C511D31-BA6F-4371-82B4-B22F73F3C169}.Debug|Any CPU.ActiveCfg = Debug|Any CPU
		{2C511D31-BA6F-4371-82B4-B22F73F3C169}.Debug|Any CPU.Build.0 = Debug|Any CPU
		{2C511D31-BA6F-4371-82B4-B22F73F3C169}.Release|Any CPU.ActiveCfg = Release|Any CPU
		{2C511D31-BA6F-4371-82B4-B22F73F3C169}.Release|Any CPU.Build.0 = Release|Any CPU
		{025EB5BA-38B2-41AD-90C9-4B48C385DF2E}.Debug|Any CPU.ActiveCfg = Debug|Any CPU
		{025EB5BA-38B2-41AD-90C9-4B48C385DF2E}.Debug|Any CPU.Build.0 = Debug|Any CPU
		{025EB5BA-38B2-41AD-90C9-4B48C385DF2E}.Release|Any CPU.ActiveCfg = Release|Any CPU
		{025EB5BA-38B2-41AD-90C9-4B48C385DF2E}.Release|Any CPU.Build.0 = Release|Any CPU
	EndGlobalSection
	GlobalSection(SolutionProperties) = preSolution
		HideSolutionNode = FALSE
	EndGlobalSection
	GlobalSection(ExtensibilityGlobals) = postSolution
		SolutionGuid = {B444F74B-A082-4D20-B493-3AF2E098430A}
	EndGlobalSection
EndGlobal
